{
  "name": "backend",
  "lockfileVersion": 2,
  "requires": true,
  "packages": {
    "": {
      "dependencies": {
        "tailwind-scrollbar-hide": "^1.1.7"
      },
      "devDependencies": {
        "tailwindcss-no-scrollbar": "^1.0.1"
      }
    },
    "node_modules/tailwind-scrollbar-hide": {
      "version": "1.1.7",
      "resolved": "https://registry.npmjs.org/tailwind-scrollbar-hide/-/tailwind-scrollbar-hide-1.1.7.tgz",
      "integrity": "sha512-X324n9OtpTmOMqEgDUEA/RgLrNfBF/jwJdctaPZDzB3mppxJk7TLIDmOreEDm1Bq4R9LSPu4Epf8VSdovNU+iA=="
    },
    "node_modules/tailwindcss-no-scrollbar": {
      "version": "1.0.1",
      "resolved": "https://registry.npmjs.org/tailwindcss-no-scrollbar/-/tailwindcss-no-scrollbar-1.0.1.tgz",
      "integrity": "sha512-6Jy3iFvlQ8hZ3TdM+c96GMk1hrPYZGxvUghIQvEGGzp6u2JP/iZGXMoOL3/R2Sb4VisUku0oz8NZ9MT4LTgu4w==",
      "dev": true
    }
  },
  "dependencies": {
    "tailwind-scrollbar-hide": {
      "version": "1.1.7",
      "resolved": "https://registry.npmjs.org/tailwind-scrollbar-hide/-/tailwind-scrollbar-hide-1.1.7.tgz",
      "integrity": "sha512-X324n9OtpTmOMqEgDUEA/RgLrNfBF/jwJdctaPZDzB3mppxJk7TLIDmOreEDm1Bq4R9LSPu4Epf8VSdovNU+iA=="
    },
    "tailwindcss-no-scrollbar": {
      "version": "1.0.1",
      "resolved": "https://registry.npmjs.org/tailwindcss-no-scrollbar/-/tailwindcss-no-scrollbar-1.0.1.tgz",
      "integrity": "sha512-6Jy3iFvlQ8hZ3TdM+c96GMk1hrPYZGxvUghIQvEGGzp6u2JP/iZGXMoOL3/R2Sb4VisUku0oz8NZ9MT4LTgu4w==",
      "dev": true
    }
  }
}
